
Microsoft Visual Studio Solution File, Format Version 12.00
# Visual Studio Version 17
VisualStudioVersion = 17.14.36414.22 d17.14
MinimumVisualStudioVersion = 10.0.40219.1
Project("{FAE04EC0-301F-11D3-BF4B-00C04F79EFBC}") = "DinamicMaps", "DinamicMaps\DinamicMaps.csproj", "{5747D5D6-EC3C-4496-B4AA-85A7D6DE4012}"
EndProject
Global
	GlobalSection(SolutionConfigurationPlatforms) = preSolution
		Debug|Any CPU = Debug|Any CPU
		Release|Any CPU = Release|Any CPU
	EndGlobalSection
	GlobalSection(ProjectConfigurationPlatforms) = postSolution
		{5747D5D6-EC3C-4496-B4AA-85A7D6DE4012}.Debug|Any CPU.ActiveCfg = Debug|Any CPU
		{5747D5D6-EC3C-4496-B4AA-85A7D6DE4012}.Debug|Any CPU.Build.0 = Debug|Any CPU
		{5747D5D6-EC3C-4496-B4AA-85A7D6DE4012}.Release|Any CPU.ActiveCfg = Release|Any CPU
		{5747D5D6-EC3C-4496-B4AA-85A7D6DE4012}.Release|Any CPU.Build.0 = Release|Any CPU
	EndGlobalSection
	GlobalSection(SolutionProperties) = preSolution
		HideSolutionNode = FALSE
	EndGlobalSection
	GlobalSection(ExtensibilityGlobals) = postSolution
		SolutionGuid = {8BB489FA-D97F-46E1-832B-E89799B56618}
	EndGlobalSection
EndGlobal
